
Microsoft Visual Studio Solution File, Format Version 12.00
# Visual Studio Version 16
VisualStudioVersion = 16.0.31702.278
MinimumVisualStudioVersion = 10.0.40219.1
Project("{9A19103F-16F7-4668-BE54-9A1E7A4F7556}") = "01.SortEvenNumbers", "01.SortEvenNumbers\01.SortEvenNumbers.csproj", "{D437A0B8-3C9C-46DF-AA42-958D13190529}"
EndProject
Project("{9A19103F-16F7-4668-BE54-9A1E7A4F7556}") = "05.FilterByAge", "05.FilterByAge\05.FilterByAge.csproj", "{870BEAEA-71E0-4235-9C3A-74CABAFFECEB}"
EndProject
Project("{FAE04EC0-301F-11D3-BF4B-00C04F79EFBC}") = "02.SumNumbers", "02.SumNumbers\02.SumNumbers.csproj", "{AD42A2EB-DB31-4396-8625-46B78C799415}"
EndProject
Project("{FAE04EC0-301F-11D3-BF4B-00C04F79EFBC}") = "03.CountUppercaseWords", "03.CountUppercaseWords\03.CountUppercaseWords.csproj", "{F397AAA5-4A14-402D-A914-B90B2EEFB2A4}"
EndProject
Project("{FAE04EC0-301F-11D3-BF4B-00C04F79EFBC}") = "04.AddVAT", "04.AddVAT\04.AddVAT.csproj", "{759768D8-82D0-4CEE-B052-BDF69F710518}"
EndProject
Global
	GlobalSection(SolutionConfigurationPlatforms) = preSolution
		Debug|Any CPU = Debug|Any CPU
		Release|Any CPU = Release|Any CPU
	EndGlobalSection
	GlobalSection(ProjectConfigurationPlatforms) = postSolution
		{D437A0B8-3C9C-46DF-AA42-958D13190529}.Debug|Any CPU.ActiveCfg = Debug|Any CPU
		{D437A0B8-3C9C-46DF-AA42-958D13190529}.Debug|Any CPU.Build.0 = Debug|Any CPU
		{D437A0B8-3C9C-46DF-AA42-958D13190529}.Release|Any CPU.ActiveCfg = Release|Any CPU
		{D437A0B8-3C9C-46DF-AA42-958D13190529}.Release|Any CPU.Build.0 = Release|Any CPU
		{870BEAEA-71E0-4235-9C3A-74CABAFFECEB}.Debug|Any CPU.ActiveCfg = Debug|Any CPU
		{870BEAEA-71E0-4235-9C3A-74CABAFFECEB}.Debug|Any CPU.Build.0 = Debug|Any CPU
		{870BEAEA-71E0-4235-9C3A-74CABAFFECEB}.Release|Any CPU.ActiveCfg = Release|Any CPU
		{870BEAEA-71E0-4235-9C3A-74CABAFFECEB}.Release|Any CPU.Build.0 = Release|Any CPU
		{AD42A2EB-DB31-4396-8625-46B78C799415}.Debug|Any CPU.ActiveCfg = Debug|Any CPU
		{AD42A2EB-DB31-4396-8625-46B78C799415}.Debug|Any CPU.Build.0 = Debug|Any CPU
		{AD42A2EB-DB31-4396-8625-46B78C799415}.Release|Any CPU.ActiveCfg = Release|Any CPU
		{AD42A2EB-DB31-4396-8625-46B78C799415}.Release|Any CPU.Build.0 = Release|Any CPU
		{F397AAA5-4A14-402D-A914-B90B2EEFB2A4}.Debug|Any CPU.ActiveCfg = Debug|Any CPU
		{F397AAA5-4A14-402D-A914-B90B2EEFB2A4}.Debug|Any CPU.Build.0 = Debug|Any CPU
		{F397AAA5-4A14-402D-A914-B90B2EEFB2A4}.Release|Any CPU.ActiveCfg = Release|Any CPU
		{F397AAA5-4A14-402D-A914-B90B2EEFB2A4}.Release|Any CPU.Build.0 = Release|Any CPU
		{759768D8-82D0-4CEE-B052-BDF69F710518}.Debug|Any CPU.ActiveCfg = Debug|Any CPU
		{759768D8-82D0-4CEE-B052-BDF69F710518}.Debug|Any CPU.Build.0 = Debug|Any CPU
		{759768D8-82D0-4CEE-B052-BDF69F710518}.Release|Any CPU.ActiveCfg = Release|Any CPU
		{759768D8-82D0-4CEE-B052-BDF69F710518}.Release|Any CPU.Build.0 = Release|Any CPU
	EndGlobalSection
	GlobalSection(SolutionProperties) = preSolution
		HideSolutionNode = FALSE
	EndGlobalSection
	GlobalSection(ExtensibilityGlobals) = postSolution
		SolutionGuid = {A8CAA568-DCD7-40CA-A255-5931EFEC1D7F}
	EndGlobalSection
EndGlobal
