
Microsoft Visual Studio Solution File, Format Version 12.00
# Visual Studio Version 16
VisualStudioVersion = 16.0.31702.278
MinimumVisualStudioVersion = 10.0.40219.1
Project("{FAE04EC0-301F-11D3-BF4B-00C04F79EFBC}") = "01.DefineAClassPerson", "01.DefineAClassPerson\01.DefineAClassPerson.csproj", "{0272FCEE-C421-4D83-92F6-D65C24D35518}"
EndProject
Project("{FAE04EC0-301F-11D3-BF4B-00C04F79EFBC}") = "02.CreatingConstructors", "02.CreatingConstructors\02.CreatingConstructors.csproj", "{319D6AE2-4B7B-430A-A7BD-1BFF79D7AF93}"
EndProject
Global
	GlobalSection(SolutionConfigurationPlatforms) = preSolution
		Debug|Any CPU = Debug|Any CPU
		Release|Any CPU = Release|Any CPU
	EndGlobalSection
	GlobalSection(ProjectConfigurationPlatforms) = postSolution
		{0272FCEE-C421-4D83-92F6-D65C24D35518}.Debug|Any CPU.ActiveCfg = Debug|Any CPU
		{0272FCEE-C421-4D83-92F6-D65C24D35518}.Debug|Any CPU.Build.0 = Debug|Any CPU
		{0272FCEE-C421-4D83-92F6-D65C24D35518}.Release|Any CPU.ActiveCfg = Release|Any CPU
		{0272FCEE-C421-4D83-92F6-D65C24D35518}.Release|Any CPU.Build.0 = Release|Any CPU
		{319D6AE2-4B7B-430A-A7BD-1BFF79D7AF93}.Debug|Any CPU.ActiveCfg = Debug|Any CPU
		{319D6AE2-4B7B-430A-A7BD-1BFF79D7AF93}.Debug|Any CPU.Build.0 = Debug|Any CPU
		{319D6AE2-4B7B-430A-A7BD-1BFF79D7AF93}.Release|Any CPU.ActiveCfg = Release|Any CPU
		{319D6AE2-4B7B-430A-A7BD-1BFF79D7AF93}.Release|Any CPU.Build.0 = Release|Any CPU
	EndGlobalSection
	GlobalSection(SolutionProperties) = preSolution
		HideSolutionNode = FALSE
	EndGlobalSection
	GlobalSection(ExtensibilityGlobals) = postSolution
		SolutionGuid = {8696C3AD-2E7D-43F4-8854-59916BB76B2E}
	EndGlobalSection
EndGlobal
