
Microsoft Visual Studio Solution File, Format Version 12.00
# Visual Studio Version 16
VisualStudioVersion = 16.0.31702.278
MinimumVisualStudioVersion = 10.0.40219.1
Project("{FAE04EC0-301F-11D3-BF4B-00C04F79EFBC}") = "01.StacksAndQueues-Lab", "01.StacksAndQueues-Lab\01.StacksAndQueues-Lab.csproj", "{7582DDE1-551F-4CA3-A8AC-703FF12C5F41}"
EndProject
Global
	GlobalSection(SolutionConfigurationPlatforms) = preSolution
		Debug|Any CPU = Debug|Any CPU
		Release|Any CPU = Release|Any CPU
	EndGlobalSection
	GlobalSection(ProjectConfigurationPlatforms) = postSolution
		{7582DDE1-551F-4CA3-A8AC-703FF12C5F41}.Debug|Any CPU.ActiveCfg = Debug|Any CPU
		{7582DDE1-551F-4CA3-A8AC-703FF12C5F41}.Debug|Any CPU.Build.0 = Debug|Any CPU
		{7582DDE1-551F-4CA3-A8AC-703FF12C5F41}.Release|Any CPU.ActiveCfg = Release|Any CPU
		{7582DDE1-551F-4CA3-A8AC-703FF12C5F41}.Release|Any CPU.Build.0 = Release|Any CPU
	EndGlobalSection
	GlobalSection(SolutionProperties) = preSolution
		HideSolutionNode = FALSE
	EndGlobalSection
	GlobalSection(ExtensibilityGlobals) = postSolution
		SolutionGuid = {0EFDF873-3DDE-4048-9FEC-48283BDDDA03}
	EndGlobalSection
EndGlobal
